
Microsoft Visual Studio Solution File, Format Version 12.00
# Visual Studio Version 17
VisualStudioVersion = 17.2.32516.85
MinimumVisualStudioVersion = 10.0.40219.1
Project("{9A19103F-16F7-4668-BE54-9A1E7A4F7556}") = "PubSub.Shared", "PubSub.Shared\PubSub.Shared.csproj", "{EDC13486-BF0C-4B1A-9B63-CAFF0DD83259}"
EndProject
Project("{2150E333-8FDC-42A3-9474-1A3956D46DE8}") = "Solution Items", "Solution Items", "{CB3B772F-7945-4158-9BC7-200EEE06DB6B}"
	ProjectSection(SolutionItems) = preProject
		..\README.md = ..\README.md
	EndProjectSection
EndProject
Project("{2150E333-8FDC-42A3-9474-1A3956D46DE8}") = "Tests", "Tests", "{ACE0D54E-BCD3-4C38-828D-215D231027FC}"
EndProject
Project("{FAE04EC0-301F-11D3-BF4B-00C04F79EFBC}") = "PubSub.Tests", "PubSub.Tests\PubSub.Tests.csproj", "{5C72ED44-E47C-452A-B6DE-BED3CE927E63}"
EndProject
Project("{FAE04EC0-301F-11D3-BF4B-00C04F79EFBC}") = "PubSub.Server", "PubSub.Server\PubSub.Server.csproj", "{32F06FB4-1829-4981-B333-BF3CDEDD1E75}"
EndProject
Project("{FAE04EC0-301F-11D3-BF4B-00C04F79EFBC}") = "PubSub.Client", "PubSub.Client\PubSub.Client.csproj", "{73D8A057-0B06-4007-99FC-F50E2FAECF52}"
EndProject
Global
	GlobalSection(SolutionConfigurationPlatforms) = preSolution
		Debug|Any CPU = Debug|Any CPU
		Release|Any CPU = Release|Any CPU
	EndGlobalSection
	GlobalSection(ProjectConfigurationPlatforms) = postSolution
		{EDC13486-BF0C-4B1A-9B63-CAFF0DD83259}.Debug|Any CPU.ActiveCfg = Debug|Any CPU
		{EDC13486-BF0C-4B1A-9B63-CAFF0DD83259}.Debug|Any CPU.Build.0 = Debug|Any CPU
		{EDC13486-BF0C-4B1A-9B63-CAFF0DD83259}.Release|Any CPU.ActiveCfg = Release|Any CPU
		{EDC13486-BF0C-4B1A-9B63-CAFF0DD83259}.Release|Any CPU.Build.0 = Release|Any CPU
		{5C72ED44-E47C-452A-B6DE-BED3CE927E63}.Debug|Any CPU.ActiveCfg = Debug|Any CPU
		{5C72ED44-E47C-452A-B6DE-BED3CE927E63}.Debug|Any CPU.Build.0 = Debug|Any CPU
		{5C72ED44-E47C-452A-B6DE-BED3CE927E63}.Release|Any CPU.ActiveCfg = Release|Any CPU
		{5C72ED44-E47C-452A-B6DE-BED3CE927E63}.Release|Any CPU.Build.0 = Release|Any CPU
		{32F06FB4-1829-4981-B333-BF3CDEDD1E75}.Debug|Any CPU.ActiveCfg = Debug|Any CPU
		{32F06FB4-1829-4981-B333-BF3CDEDD1E75}.Debug|Any CPU.Build.0 = Debug|Any CPU
		{32F06FB4-1829-4981-B333-BF3CDEDD1E75}.Release|Any CPU.ActiveCfg = Release|Any CPU
		{32F06FB4-1829-4981-B333-BF3CDEDD1E75}.Release|Any CPU.Build.0 = Release|Any CPU
		{73D8A057-0B06-4007-99FC-F50E2FAECF52}.Debug|Any CPU.ActiveCfg = Debug|Any CPU
		{73D8A057-0B06-4007-99FC-F50E2FAECF52}.Debug|Any CPU.Build.0 = Debug|Any CPU
		{73D8A057-0B06-4007-99FC-F50E2FAECF52}.Release|Any CPU.ActiveCfg = Release|Any CPU
		{73D8A057-0B06-4007-99FC-F50E2FAECF52}.Release|Any CPU.Build.0 = Release|Any CPU
	EndGlobalSection
	GlobalSection(SolutionProperties) = preSolution
		HideSolutionNode = FALSE
	EndGlobalSection
	GlobalSection(NestedProjects) = preSolution
		{5C72ED44-E47C-452A-B6DE-BED3CE927E63} = {ACE0D54E-BCD3-4C38-828D-215D231027FC}
	EndGlobalSection
	GlobalSection(ExtensibilityGlobals) = postSolution
		SolutionGuid = {45401917-8313-46EA-815B-19F69F667EA9}
	EndGlobalSection
EndGlobal
